
Microsoft Visual Studio Solution File, Format Version 12.00
# Visual Studio Version 16
VisualStudioVersion = 16.0.31515.178
MinimumVisualStudioVersion = 10.0.40219.1
Project("{FAE04EC0-301F-11D3-BF4B-00C04F79EFBC}") = "Book.BL", "Book.BL\Book.BL.csproj", "{A34E45D6-2ACA-43DB-BB0B-66B305F43C01}"
EndProject
Project("{FAE04EC0-301F-11D3-BF4B-00C04F79EFBC}") = "Book.Data", "Book.Data\Book.Data.csproj", "{8165D71F-1581-4785-AEC4-72F877F226E5}"
EndProject
Project("{FAE04EC0-301F-11D3-BF4B-00C04F79EFBC}") = "Book.IBL", "Book.IBL\Book.IBL.csproj", "{ABB0CD8B-DCCF-4B26-93BB-F30F2FCC64F3}"
EndProject
Project("{FAE04EC0-301F-11D3-BF4B-00C04F79EFBC}") = "Book.Model", "Book.Model\Book.Model.csproj", "{F6FCCD45-FC47-4DF3-BBFC-75AD57CF6218}"
EndProject
Project("{FAE04EC0-301F-11D3-BF4B-00C04F79EFBC}") = "WebAppMVCBook", "WebAppMVCBook\WebAppMVCBook.csproj", "{8BD18BA5-9861-49BD-8380-254D289F52F3}"
EndProject
Global
	GlobalSection(SolutionConfigurationPlatforms) = preSolution
		Debug|Any CPU = Debug|Any CPU
		Release|Any CPU = Release|Any CPU
	EndGlobalSection
	GlobalSection(ProjectConfigurationPlatforms) = postSolution
		{A34E45D6-2ACA-43DB-BB0B-66B305F43C01}.Debug|Any CPU.ActiveCfg = Debug|Any CPU
		{A34E45D6-2ACA-43DB-BB0B-66B305F43C01}.Debug|Any CPU.Build.0 = Debug|Any CPU
		{A34E45D6-2ACA-43DB-BB0B-66B305F43C01}.Release|Any CPU.ActiveCfg = Release|Any CPU
		{A34E45D6-2ACA-43DB-BB0B-66B305F43C01}.Release|Any CPU.Build.0 = Release|Any CPU
		{8165D71F-1581-4785-AEC4-72F877F226E5}.Debug|Any CPU.ActiveCfg = Debug|Any CPU
		{8165D71F-1581-4785-AEC4-72F877F226E5}.Debug|Any CPU.Build.0 = Debug|Any CPU
		{8165D71F-1581-4785-AEC4-72F877F226E5}.Release|Any CPU.ActiveCfg = Release|Any CPU
		{8165D71F-1581-4785-AEC4-72F877F226E5}.Release|Any CPU.Build.0 = Release|Any CPU
		{ABB0CD8B-DCCF-4B26-93BB-F30F2FCC64F3}.Debug|Any CPU.ActiveCfg = Debug|Any CPU
		{ABB0CD8B-DCCF-4B26-93BB-F30F2FCC64F3}.Debug|Any CPU.Build.0 = Debug|Any CPU
		{ABB0CD8B-DCCF-4B26-93BB-F30F2FCC64F3}.Release|Any CPU.ActiveCfg = Release|Any CPU
		{ABB0CD8B-DCCF-4B26-93BB-F30F2FCC64F3}.Release|Any CPU.Build.0 = Release|Any CPU
		{F6FCCD45-FC47-4DF3-BBFC-75AD57CF6218}.Debug|Any CPU.ActiveCfg = Debug|Any CPU
		{F6FCCD45-FC47-4DF3-BBFC-75AD57CF6218}.Debug|Any CPU.Build.0 = Debug|Any CPU
		{F6FCCD45-FC47-4DF3-BBFC-75AD57CF6218}.Release|Any CPU.ActiveCfg = Release|Any CPU
		{F6FCCD45-FC47-4DF3-BBFC-75AD57CF6218}.Release|Any CPU.Build.0 = Release|Any CPU
		{8BD18BA5-9861-49BD-8380-254D289F52F3}.Debug|Any CPU.ActiveCfg = Debug|Any CPU
		{8BD18BA5-9861-49BD-8380-254D289F52F3}.Debug|Any CPU.Build.0 = Debug|Any CPU
		{8BD18BA5-9861-49BD-8380-254D289F52F3}.Release|Any CPU.ActiveCfg = Release|Any CPU
		{8BD18BA5-9861-49BD-8380-254D289F52F3}.Release|Any CPU.Build.0 = Release|Any CPU
	EndGlobalSection
	GlobalSection(SolutionProperties) = preSolution
		HideSolutionNode = FALSE
	EndGlobalSection
	GlobalSection(ExtensibilityGlobals) = postSolution
		SolutionGuid = {13CEDC39-D781-4284-9C33-4DC37156A3CD}
	EndGlobalSection
EndGlobal
